
Microsoft Visual Studio Solution File, Format Version 12.00
# Visual Studio 15
VisualStudioVersion = 15.0.27004.2005
MinimumVisualStudioVersion = 10.0.40219.1
Project("{FAE04EC0-301F-11D3-BF4B-00C04F79EFBC}") = "MadreApp.Android", "MadreApp\MadreApp.Android\MadreApp.Android.csproj", "{A46549E5-93BA-4A27-8F94-A91AF6391362}"
	ProjectSection(ProjectDependencies) = postProject
		{9D629C69-EE0B-4EC2-9A20-D0A187ABDA15} = {9D629C69-EE0B-4EC2-9A20-D0A187ABDA15}
	EndProjectSection
EndProject
Project("{FAE04EC0-301F-11D3-BF4B-00C04F79EFBC}") = "MadreApp.iOS", "MadreApp\MadreApp.iOS\MadreApp.iOS.csproj", "{8BE87B20-1469-427F-83BC-311CA3C79631}"
	ProjectSection(ProjectDependencies) = postProject
		{9D629C69-EE0B-4EC2-9A20-D0A187ABDA15} = {9D629C69-EE0B-4EC2-9A20-D0A187ABDA15}
	EndProjectSection
EndProject
Project("{9A19103F-16F7-4668-BE54-9A1E7A4F7556}") = "MadreApp", "MadreApp\MadreApp\MadreApp.csproj", "{9D629C69-EE0B-4EC2-9A20-D0A187ABDA15}"
EndProject
Global
	GlobalSection(SolutionConfigurationPlatforms) = preSolution
		Ad-Hoc|Any CPU = Ad-Hoc|Any CPU
		Ad-Hoc|iPhone = Ad-Hoc|iPhone
		Ad-Hoc|iPhoneSimulator = Ad-Hoc|iPhoneSimulator
		AppStore|Any CPU = AppStore|Any CPU
		AppStore|iPhone = AppStore|iPhone
		AppStore|iPhoneSimulator = AppStore|iPhoneSimulator
		Debug|Any CPU = Debug|Any CPU
		Debug|iPhone = Debug|iPhone
		Debug|iPhoneSimulator = Debug|iPhoneSimulator
		Release|Any CPU = Release|Any CPU
		Release|iPhone = Release|iPhone
		Release|iPhoneSimulator = Release|iPhoneSimulator
	EndGlobalSection
	GlobalSection(ProjectConfigurationPlatforms) = postSolution
		{A46549E5-93BA-4A27-8F94-A91AF6391362}.Ad-Hoc|Any CPU.ActiveCfg = Release|Any CPU
		{A46549E5-93BA-4A27-8F94-A91AF6391362}.Ad-Hoc|Any CPU.Build.0 = Release|Any CPU
		{A46549E5-93BA-4A27-8F94-A91AF6391362}.Ad-Hoc|Any CPU.Deploy.0 = Release|Any CPU
		{A46549E5-93BA-4A27-8F94-A91AF6391362}.Ad-Hoc|iPhone.ActiveCfg = Release|Any CPU
		{A46549E5-93BA-4A27-8F94-A91AF6391362}.Ad-Hoc|iPhone.Build.0 = Release|Any CPU
		{A46549E5-93BA-4A27-8F94-A91AF6391362}.Ad-Hoc|iPhone.Deploy.0 = Release|Any CPU
		{A46549E5-93BA-4A27-8F94-A91AF6391362}.Ad-Hoc|iPhoneSimulator.ActiveCfg = Release|Any CPU
		{A46549E5-93BA-4A27-8F94-A91AF6391362}.Ad-Hoc|iPhoneSimulator.Build.0 = Release|Any CPU
		{A46549E5-93BA-4A27-8F94-A91AF6391362}.Ad-Hoc|iPhoneSimulator.Deploy.0 = Release|Any CPU
		{A46549E5-93BA-4A27-8F94-A91AF6391362}.AppStore|Any CPU.ActiveCfg = Release|Any CPU
		{A46549E5-93BA-4A27-8F94-A91AF6391362}.AppStore|Any CPU.Build.0 = Release|Any CPU
		{A46549E5-93BA-4A27-8F94-A91AF6391362}.AppStore|Any CPU.Deploy.0 = Release|Any CPU
		{A46549E5-93BA-4A27-8F94-A91AF6391362}.AppStore|iPhone.ActiveCfg = Release|Any CPU
		{A46549E5-93BA-4A27-8F94-A91AF6391362}.AppStore|iPhone.Build.0 = Release|Any CPU
		{A46549E5-93BA-4A27-8F94-A91AF6391362}.AppStore|iPhone.Deploy.0 = Release|Any CPU
		{A46549E5-93BA-4A27-8F94-A91AF6391362}.AppStore|iPhoneSimulator.ActiveCfg = Release|Any CPU
		{A46549E5-93BA-4A27-8F94-A91AF6391362}.AppStore|iPhoneSimulator.Build.0 = Release|Any CPU
		{A46549E5-93BA-4A27-8F94-A91AF6391362}.AppStore|iPhoneSimulator.Deploy.0 = Release|Any CPU
		{A46549E5-93BA-4A27-8F94-A91AF6391362}.Debug|Any CPU.ActiveCfg = Debug|Any CPU
		{A46549E5-93BA-4A27-8F94-A91AF6391362}.Debug|Any CPU.Build.0 = Debug|Any CPU
		{A46549E5-93BA-4A27-8F94-A91AF6391362}.Debug|Any CPU.Deploy.0 = Debug|Any CPU
		{A46549E5-93BA-4A27-8F94-A91AF6391362}.Debug|iPhone.ActiveCfg = Debug|Any CPU
		{A46549E5-93BA-4A27-8F94-A91AF6391362}.Debug|iPhone.Build.0 = Debug|Any CPU
		{A46549E5-93BA-4A27-8F94-A91AF6391362}.Debug|iPhone.Deploy.0 = Debug|Any CPU
		{A46549E5-93BA-4A27-8F94-A91AF6391362}.Debug|iPhoneSimulator.ActiveCfg = Debug|Any CPU
		{A46549E5-93BA-4A27-8F94-A91AF6391362}.Debug|iPhoneSimulator.Build.0 = Debug|Any CPU
		{A46549E5-93BA-4A27-8F94-A91AF6391362}.Debug|iPhoneSimulator.Deploy.0 = Debug|Any CPU
		{A46549E5-93BA-4A27-8F94-A91AF6391362}.Release|Any CPU.ActiveCfg = Release|Any CPU
		{A46549E5-93BA-4A27-8F94-A91AF6391362}.Release|Any CPU.Build.0 = Release|Any CPU
		{A46549E5-93BA-4A27-8F94-A91AF6391362}.Release|Any CPU.Deploy.0 = Release|Any CPU
		{A46549E5-93BA-4A27-8F94-A91AF6391362}.Release|iPhone.ActiveCfg = Release|Any CPU
		{A46549E5-93BA-4A27-8F94-A91AF6391362}.Release|iPhone.Build.0 = Release|Any CPU
		{A46549E5-93BA-4A27-8F94-A91AF6391362}.Release|iPhone.Deploy.0 = Release|Any CPU
		{A46549E5-93BA-4A27-8F94-A91AF6391362}.Release|iPhoneSimulator.ActiveCfg = Release|Any CPU
		{A46549E5-93BA-4A27-8F94-A91AF6391362}.Release|iPhoneSimulator.Build.0 = Release|Any CPU
		{A46549E5-93BA-4A27-8F94-A91AF6391362}.Release|iPhoneSimulator.Deploy.0 = Release|Any CPU
		{8BE87B20-1469-427F-83BC-311CA3C79631}.Ad-Hoc|Any CPU.ActiveCfg = Ad-Hoc|iPhone
		{8BE87B20-1469-427F-83BC-311CA3C79631}.Ad-Hoc|iPhone.ActiveCfg = Ad-Hoc|iPhone
		{8BE87B20-1469-427F-83BC-311CA3C79631}.Ad-Hoc|iPhone.Build.0 = Ad-Hoc|iPhone
		{8BE87B20-1469-427F-83BC-311CA3C79631}.Ad-Hoc|iPhoneSimulator.ActiveCfg = Ad-Hoc|iPhoneSimulator
		{8BE87B20-1469-427F-83BC-311CA3C79631}.Ad-Hoc|iPhoneSimulator.Build.0 = Ad-Hoc|iPhoneSimulator
		{8BE87B20-1469-427F-83BC-311CA3C79631}.AppStore|Any CPU.ActiveCfg = AppStore|iPhone
		{8BE87B20-1469-427F-83BC-311CA3C79631}.AppStore|iPhone.ActiveCfg = AppStore|iPhone
		{8BE87B20-1469-427F-83BC-311CA3C79631}.AppStore|iPhone.Build.0 = AppStore|iPhone
		{8BE87B20-1469-427F-83BC-311CA3C79631}.AppStore|iPhoneSimulator.ActiveCfg = AppStore|iPhoneSimulator
		{8BE87B20-1469-427F-83BC-311CA3C79631}.AppStore|iPhoneSimulator.Build.0 = AppStore|iPhoneSimulator
		{8BE87B20-1469-427F-83BC-311CA3C79631}.Debug|Any CPU.ActiveCfg = Debug|iPhone
		{8BE87B20-1469-427F-83BC-311CA3C79631}.Debug|iPhone.ActiveCfg = Debug|iPhone
		{8BE87B20-1469-427F-83BC-311CA3C79631}.Debug|iPhone.Build.0 = Debug|iPhone
		{8BE87B20-1469-427F-83BC-311CA3C79631}.Debug|iPhoneSimulator.ActiveCfg = Debug|iPhoneSimulator
		{8BE87B20-1469-427F-83BC-311CA3C79631}.Debug|iPhoneSimulator.Build.0 = Debug|iPhoneSimulator
		{8BE87B20-1469-427F-83BC-311CA3C79631}.Release|Any CPU.ActiveCfg = Release|iPhone
		{8BE87B20-1469-427F-83BC-311CA3C79631}.Release|iPhone.ActiveCfg = Release|iPhone
		{8BE87B20-1469-427F-83BC-311CA3C79631}.Release|iPhone.Build.0 = Release|iPhone
		{8BE87B20-1469-427F-83BC-311CA3C79631}.Release|iPhoneSimulator.ActiveCfg = Release|iPhoneSimulator
		{8BE87B20-1469-427F-83BC-311CA3C79631}.Release|iPhoneSimulator.Build.0 = Release|iPhoneSimulator
		{9D629C69-EE0B-4EC2-9A20-D0A187ABDA15}.Ad-Hoc|Any CPU.ActiveCfg = Debug|Any CPU
		{9D629C69-EE0B-4EC2-9A20-D0A187ABDA15}.Ad-Hoc|Any CPU.Build.0 = Debug|Any CPU
		{9D629C69-EE0B-4EC2-9A20-D0A187ABDA15}.Ad-Hoc|iPhone.ActiveCfg = Debug|Any CPU
		{9D629C69-EE0B-4EC2-9A20-D0A187ABDA15}.Ad-Hoc|iPhone.Build.0 = Debug|Any CPU
		{9D629C69-EE0B-4EC2-9A20-D0A187ABDA15}.Ad-Hoc|iPhoneSimulator.ActiveCfg = Debug|Any CPU
		{9D629C69-EE0B-4EC2-9A20-D0A187ABDA15}.Ad-Hoc|iPhoneSimulator.Build.0 = Debug|Any CPU
		{9D629C69-EE0B-4EC2-9A20-D0A187ABDA15}.AppStore|Any CPU.ActiveCfg = Debug|Any CPU
		{9D629C69-EE0B-4EC2-9A20-D0A187ABDA15}.AppStore|Any CPU.Build.0 = Debug|Any CPU
		{9D629C69-EE0B-4EC2-9A20-D0A187ABDA15}.AppStore|iPhone.ActiveCfg = Debug|Any CPU
		{9D629C69-EE0B-4EC2-9A20-D0A187ABDA15}.AppStore|iPhone.Build.0 = Debug|Any CPU
		{9D629C69-EE0B-4EC2-9A20-D0A187ABDA15}.AppStore|iPhoneSimulator.ActiveCfg = Debug|Any CPU
		{9D629C69-EE0B-4EC2-9A20-D0A187ABDA15}.AppStore|iPhoneSimulator.Build.0 = Debug|Any CPU
		{9D629C69-EE0B-4EC2-9A20-D0A187ABDA15}.Debug|Any CPU.ActiveCfg = Debug|Any CPU
		{9D629C69-EE0B-4EC2-9A20-D0A187ABDA15}.Debug|Any CPU.Build.0 = Debug|Any CPU
		{9D629C69-EE0B-4EC2-9A20-D0A187ABDA15}.Debug|iPhone.ActiveCfg = Debug|Any CPU
		{9D629C69-EE0B-4EC2-9A20-D0A187ABDA15}.Debug|iPhone.Build.0 = Debug|Any CPU
		{9D629C69-EE0B-4EC2-9A20-D0A187ABDA15}.Debug|iPhoneSimulator.ActiveCfg = Debug|Any CPU
		{9D629C69-EE0B-4EC2-9A20-D0A187ABDA15}.Debug|iPhoneSimulator.Build.0 = Debug|Any CPU
		{9D629C69-EE0B-4EC2-9A20-D0A187ABDA15}.Release|Any CPU.ActiveCfg = Release|Any CPU
		{9D629C69-EE0B-4EC2-9A20-D0A187ABDA15}.Release|Any CPU.Build.0 = Release|Any CPU
		{9D629C69-EE0B-4EC2-9A20-D0A187ABDA15}.Release|iPhone.ActiveCfg = Release|Any CPU
		{9D629C69-EE0B-4EC2-9A20-D0A187ABDA15}.Release|iPhone.Build.0 = Release|Any CPU
		{9D629C69-EE0B-4EC2-9A20-D0A187ABDA15}.Release|iPhoneSimulator.ActiveCfg = Release|Any CPU
		{9D629C69-EE0B-4EC2-9A20-D0A187ABDA15}.Release|iPhoneSimulator.Build.0 = Release|Any CPU
	EndGlobalSection
	GlobalSection(SolutionProperties) = preSolution
		HideSolutionNode = FALSE
	EndGlobalSection
	GlobalSection(ExtensibilityGlobals) = postSolution
		SolutionGuid = {1A25AADC-2533-4A5E-9460-D66888C060FB}
	EndGlobalSection
EndGlobal
