
Microsoft Visual Studio Solution File, Format Version 12.00
# Visual Studio 15
VisualStudioVersion = 15.0.27004.2005
MinimumVisualStudioVersion = 10.0.40219.1
Project("{D954291E-2A0B-460D-934E-DC6B0785DB48}") = "MadreApp", "MadreApp\MadreApp.shproj", "{88CF870F-0A8B-4EDB-9984-735A0314E04A}"
EndProject
Project("{FAE04EC0-301F-11D3-BF4B-00C04F79EFBC}") = "MadreApp.Android", "MadreApp.Android\MadreApp.Android.csproj", "{7818E08E-0F33-4277-9FB9-8432F86CED0C}"
EndProject
Project("{FAE04EC0-301F-11D3-BF4B-00C04F79EFBC}") = "MadreApp.iOS", "MadreApp.iOS\MadreApp.iOS.csproj", "{AF3AE95B-C55E-4FCF-8E62-2AB830F5026F}"
EndProject
Global
	GlobalSection(SharedMSBuildProjectFiles) = preSolution
		MadreApp\MadreApp.projitems*{7818e08e-0f33-4277-9fb9-8432f86ced0c}*SharedItemsImports = 4
		MadreApp\MadreApp.projitems*{88cf870f-0a8b-4edb-9984-735a0314e04a}*SharedItemsImports = 13
		MadreApp\MadreApp.projitems*{af3ae95b-c55e-4fcf-8e62-2ab830f5026f}*SharedItemsImports = 4
	EndGlobalSection
	GlobalSection(SolutionConfigurationPlatforms) = preSolution
		Ad-Hoc|Any CPU = Ad-Hoc|Any CPU
		Ad-Hoc|iPhone = Ad-Hoc|iPhone
		Ad-Hoc|iPhoneSimulator = Ad-Hoc|iPhoneSimulator
		AppStore|Any CPU = AppStore|Any CPU
		AppStore|iPhone = AppStore|iPhone
		AppStore|iPhoneSimulator = AppStore|iPhoneSimulator
		Debug|Any CPU = Debug|Any CPU
		Debug|iPhone = Debug|iPhone
		Debug|iPhoneSimulator = Debug|iPhoneSimulator
		Release|Any CPU = Release|Any CPU
		Release|iPhone = Release|iPhone
		Release|iPhoneSimulator = Release|iPhoneSimulator
	EndGlobalSection
	GlobalSection(ProjectConfigurationPlatforms) = postSolution
		{7818E08E-0F33-4277-9FB9-8432F86CED0C}.Ad-Hoc|Any CPU.ActiveCfg = Release|Any CPU
		{7818E08E-0F33-4277-9FB9-8432F86CED0C}.Ad-Hoc|Any CPU.Build.0 = Release|Any CPU
		{7818E08E-0F33-4277-9FB9-8432F86CED0C}.Ad-Hoc|Any CPU.Deploy.0 = Release|Any CPU
		{7818E08E-0F33-4277-9FB9-8432F86CED0C}.Ad-Hoc|iPhone.ActiveCfg = Release|Any CPU
		{7818E08E-0F33-4277-9FB9-8432F86CED0C}.Ad-Hoc|iPhone.Build.0 = Release|Any CPU
		{7818E08E-0F33-4277-9FB9-8432F86CED0C}.Ad-Hoc|iPhone.Deploy.0 = Release|Any CPU
		{7818E08E-0F33-4277-9FB9-8432F86CED0C}.Ad-Hoc|iPhoneSimulator.ActiveCfg = Release|Any CPU
		{7818E08E-0F33-4277-9FB9-8432F86CED0C}.Ad-Hoc|iPhoneSimulator.Build.0 = Release|Any CPU
		{7818E08E-0F33-4277-9FB9-8432F86CED0C}.Ad-Hoc|iPhoneSimulator.Deploy.0 = Release|Any CPU
		{7818E08E-0F33-4277-9FB9-8432F86CED0C}.AppStore|Any CPU.ActiveCfg = Release|Any CPU
		{7818E08E-0F33-4277-9FB9-8432F86CED0C}.AppStore|Any CPU.Build.0 = Release|Any CPU
		{7818E08E-0F33-4277-9FB9-8432F86CED0C}.AppStore|Any CPU.Deploy.0 = Release|Any CPU
		{7818E08E-0F33-4277-9FB9-8432F86CED0C}.AppStore|iPhone.ActiveCfg = Release|Any CPU
		{7818E08E-0F33-4277-9FB9-8432F86CED0C}.AppStore|iPhone.Build.0 = Release|Any CPU
		{7818E08E-0F33-4277-9FB9-8432F86CED0C}.AppStore|iPhone.Deploy.0 = Release|Any CPU
		{7818E08E-0F33-4277-9FB9-8432F86CED0C}.AppStore|iPhoneSimulator.ActiveCfg = Release|Any CPU
		{7818E08E-0F33-4277-9FB9-8432F86CED0C}.AppStore|iPhoneSimulator.Build.0 = Release|Any CPU
		{7818E08E-0F33-4277-9FB9-8432F86CED0C}.AppStore|iPhoneSimulator.Deploy.0 = Release|Any CPU
		{7818E08E-0F33-4277-9FB9-8432F86CED0C}.Debug|Any CPU.ActiveCfg = Debug|Any CPU
		{7818E08E-0F33-4277-9FB9-8432F86CED0C}.Debug|Any CPU.Build.0 = Debug|Any CPU
		{7818E08E-0F33-4277-9FB9-8432F86CED0C}.Debug|Any CPU.Deploy.0 = Debug|Any CPU
		{7818E08E-0F33-4277-9FB9-8432F86CED0C}.Debug|iPhone.ActiveCfg = Debug|Any CPU
		{7818E08E-0F33-4277-9FB9-8432F86CED0C}.Debug|iPhone.Build.0 = Debug|Any CPU
		{7818E08E-0F33-4277-9FB9-8432F86CED0C}.Debug|iPhone.Deploy.0 = Debug|Any CPU
		{7818E08E-0F33-4277-9FB9-8432F86CED0C}.Debug|iPhoneSimulator.ActiveCfg = Debug|Any CPU
		{7818E08E-0F33-4277-9FB9-8432F86CED0C}.Debug|iPhoneSimulator.Build.0 = Debug|Any CPU
		{7818E08E-0F33-4277-9FB9-8432F86CED0C}.Debug|iPhoneSimulator.Deploy.0 = Debug|Any CPU
		{7818E08E-0F33-4277-9FB9-8432F86CED0C}.Release|Any CPU.ActiveCfg = Release|Any CPU
		{7818E08E-0F33-4277-9FB9-8432F86CED0C}.Release|Any CPU.Build.0 = Release|Any CPU
		{7818E08E-0F33-4277-9FB9-8432F86CED0C}.Release|Any CPU.Deploy.0 = Release|Any CPU
		{7818E08E-0F33-4277-9FB9-8432F86CED0C}.Release|iPhone.ActiveCfg = Release|Any CPU
		{7818E08E-0F33-4277-9FB9-8432F86CED0C}.Release|iPhone.Build.0 = Release|Any CPU
		{7818E08E-0F33-4277-9FB9-8432F86CED0C}.Release|iPhone.Deploy.0 = Release|Any CPU
		{7818E08E-0F33-4277-9FB9-8432F86CED0C}.Release|iPhoneSimulator.ActiveCfg = Release|Any CPU
		{7818E08E-0F33-4277-9FB9-8432F86CED0C}.Release|iPhoneSimulator.Build.0 = Release|Any CPU
		{7818E08E-0F33-4277-9FB9-8432F86CED0C}.Release|iPhoneSimulator.Deploy.0 = Release|Any CPU
		{AF3AE95B-C55E-4FCF-8E62-2AB830F5026F}.Ad-Hoc|Any CPU.ActiveCfg = Ad-Hoc|iPhoneSimulator
		{AF3AE95B-C55E-4FCF-8E62-2AB830F5026F}.Ad-Hoc|iPhone.ActiveCfg = Ad-Hoc|iPhone
		{AF3AE95B-C55E-4FCF-8E62-2AB830F5026F}.Ad-Hoc|iPhone.Build.0 = Ad-Hoc|iPhone
		{AF3AE95B-C55E-4FCF-8E62-2AB830F5026F}.Ad-Hoc|iPhoneSimulator.ActiveCfg = Ad-Hoc|iPhoneSimulator
		{AF3AE95B-C55E-4FCF-8E62-2AB830F5026F}.Ad-Hoc|iPhoneSimulator.Build.0 = Ad-Hoc|iPhoneSimulator
		{AF3AE95B-C55E-4FCF-8E62-2AB830F5026F}.AppStore|Any CPU.ActiveCfg = AppStore|iPhoneSimulator
		{AF3AE95B-C55E-4FCF-8E62-2AB830F5026F}.AppStore|iPhone.ActiveCfg = AppStore|iPhone
		{AF3AE95B-C55E-4FCF-8E62-2AB830F5026F}.AppStore|iPhone.Build.0 = AppStore|iPhone
		{AF3AE95B-C55E-4FCF-8E62-2AB830F5026F}.AppStore|iPhoneSimulator.ActiveCfg = AppStore|iPhoneSimulator
		{AF3AE95B-C55E-4FCF-8E62-2AB830F5026F}.AppStore|iPhoneSimulator.Build.0 = AppStore|iPhoneSimulator
		{AF3AE95B-C55E-4FCF-8E62-2AB830F5026F}.Debug|Any CPU.ActiveCfg = Debug|iPhoneSimulator
		{AF3AE95B-C55E-4FCF-8E62-2AB830F5026F}.Debug|iPhone.ActiveCfg = Debug|iPhone
		{AF3AE95B-C55E-4FCF-8E62-2AB830F5026F}.Debug|iPhone.Build.0 = Debug|iPhone
		{AF3AE95B-C55E-4FCF-8E62-2AB830F5026F}.Debug|iPhoneSimulator.ActiveCfg = Debug|iPhoneSimulator
		{AF3AE95B-C55E-4FCF-8E62-2AB830F5026F}.Debug|iPhoneSimulator.Build.0 = Debug|iPhoneSimulator
		{AF3AE95B-C55E-4FCF-8E62-2AB830F5026F}.Release|Any CPU.ActiveCfg = Release|iPhoneSimulator
		{AF3AE95B-C55E-4FCF-8E62-2AB830F5026F}.Release|iPhone.ActiveCfg = Release|iPhone
		{AF3AE95B-C55E-4FCF-8E62-2AB830F5026F}.Release|iPhone.Build.0 = Release|iPhone
		{AF3AE95B-C55E-4FCF-8E62-2AB830F5026F}.Release|iPhoneSimulator.ActiveCfg = Release|iPhoneSimulator
		{AF3AE95B-C55E-4FCF-8E62-2AB830F5026F}.Release|iPhoneSimulator.Build.0 = Release|iPhoneSimulator
	EndGlobalSection
	GlobalSection(SolutionProperties) = preSolution
		HideSolutionNode = FALSE
	EndGlobalSection
	GlobalSection(ExtensibilityGlobals) = postSolution
		SolutionGuid = {F88655B4-13E3-461A-8327-A67528638DE9}
	EndGlobalSection
EndGlobal
